
Microsoft Visual Studio Solution File, Format Version 12.00
# Visual Studio 15
VisualStudioVersion = 15.0.27130.0
MinimumVisualStudioVersion = 10.0.40219.1
Project("{E24C65DC-7377-472B-9ABA-BC803B73C61A}") = "StevenLeskinWebSite", "..\..\..\Personal_Web_Site\StevenLeskinWebSite\", "{C14A8526-50B1-404D-B4C6-84E2BC05BC57}"
	ProjectSection(WebsiteProperties) = preProject
		TargetFrameworkMoniker = ".NETFramework,Version%3Dv4.0"
		Debug.AspNetCompiler.VirtualPath = "/localhost_52298"
		Debug.AspNetCompiler.PhysicalPath = "..\..\..\Personal_Web_Site\StevenLeskinWebSite\"
		Debug.AspNetCompiler.TargetPath = "PrecompiledWeb\localhost_52298\"
		Debug.AspNetCompiler.Updateable = "true"
		Debug.AspNetCompiler.ForceOverwrite = "true"
		Debug.AspNetCompiler.FixedNames = "false"
		Debug.AspNetCompiler.Debug = "True"
		Release.AspNetCompiler.VirtualPath = "/localhost_52298"
		Release.AspNetCompiler.PhysicalPath = "..\..\..\Personal_Web_Site\StevenLeskinWebSite\"
		Release.AspNetCompiler.TargetPath = "PrecompiledWeb\localhost_52298\"
		Release.AspNetCompiler.Updateable = "true"
		Release.AspNetCompiler.ForceOverwrite = "true"
		Release.AspNetCompiler.FixedNames = "false"
		Release.AspNetCompiler.Debug = "False"
		VWDPort = "52298"
		SlnRelativePath = "..\..\..\Personal_Web_Site\StevenLeskinWebSite\"
	EndProjectSection
EndProject
Global
	GlobalSection(SolutionConfigurationPlatforms) = preSolution
		Debug|Any CPU = Debug|Any CPU
	EndGlobalSection
	GlobalSection(ProjectConfigurationPlatforms) = postSolution
		{C14A8526-50B1-404D-B4C6-84E2BC05BC57}.Debug|Any CPU.ActiveCfg = Debug|Any CPU
		{C14A8526-50B1-404D-B4C6-84E2BC05BC57}.Debug|Any CPU.Build.0 = Debug|Any CPU
	EndGlobalSection
	GlobalSection(SolutionProperties) = preSolution
		HideSolutionNode = FALSE
	EndGlobalSection
	GlobalSection(ExtensibilityGlobals) = postSolution
		SolutionGuid = {26731CAC-5457-40CA-B1E8-B1AF4787FCAD}
	EndGlobalSection
EndGlobal
